
Microsoft Visual Studio Solution File, Format Version 12.00
# Visual Studio Version 17
VisualStudioVersion = 17.14.36616.10 d17.14
MinimumVisualStudioVersion = 10.0.40219.1
Project("{FAE04EC0-301F-11D3-BF4B-00C04F79EFBC}") = "EventsWeb.Api", "EventsWeb.Api\EventsWeb.Api.csproj", "{5C24B46F-B711-43C7-A104-C6BC946E23C2}"
EndProject
Project("{FAE04EC0-301F-11D3-BF4B-00C04F79EFBC}") = "EventsWeb.Core", "EventsWeb.Core\EventsWeb.Core.csproj", "{2BD72F45-3C9C-4C7B-8419-7F4BC4E1BD0D}"
EndProject
Project("{FAE04EC0-301F-11D3-BF4B-00C04F79EFBC}") = "EventsWeb.Services", "EventsWeb.Services\EventsWeb.Services.csproj", "{C175FB2D-5364-4835-B096-D1019D2F4272}"
EndProject
Global
	GlobalSection(SolutionConfigurationPlatforms) = preSolution
		Debug|Any CPU = Debug|Any CPU
		Release|Any CPU = Release|Any CPU
	EndGlobalSection
	GlobalSection(ProjectConfigurationPlatforms) = postSolution
		{5C24B46F-B711-43C7-A104-C6BC946E23C2}.Debug|Any CPU.ActiveCfg = Debug|Any CPU
		{5C24B46F-B711-43C7-A104-C6BC946E23C2}.Debug|Any CPU.Build.0 = Debug|Any CPU
		{5C24B46F-B711-43C7-A104-C6BC946E23C2}.Release|Any CPU.ActiveCfg = Release|Any CPU
		{5C24B46F-B711-43C7-A104-C6BC946E23C2}.Release|Any CPU.Build.0 = Release|Any CPU
		{2BD72F45-3C9C-4C7B-8419-7F4BC4E1BD0D}.Debug|Any CPU.ActiveCfg = Debug|Any CPU
		{2BD72F45-3C9C-4C7B-8419-7F4BC4E1BD0D}.Debug|Any CPU.Build.0 = Debug|Any CPU
		{2BD72F45-3C9C-4C7B-8419-7F4BC4E1BD0D}.Release|Any CPU.ActiveCfg = Release|Any CPU
		{2BD72F45-3C9C-4C7B-8419-7F4BC4E1BD0D}.Release|Any CPU.Build.0 = Release|Any CPU
		{C175FB2D-5364-4835-B096-D1019D2F4272}.Debug|Any CPU.ActiveCfg = Debug|Any CPU
		{C175FB2D-5364-4835-B096-D1019D2F4272}.Debug|Any CPU.Build.0 = Debug|Any CPU
		{C175FB2D-5364-4835-B096-D1019D2F4272}.Release|Any CPU.ActiveCfg = Release|Any CPU
		{C175FB2D-5364-4835-B096-D1019D2F4272}.Release|Any CPU.Build.0 = Release|Any CPU
	EndGlobalSection
	GlobalSection(SolutionProperties) = preSolution
		HideSolutionNode = FALSE
	EndGlobalSection
	GlobalSection(ExtensibilityGlobals) = postSolution
		SolutionGuid = {55E53372-174C-40D0-A567-DBEDD76E23B3}
	EndGlobalSection
EndGlobal
